
Microsoft Visual Studio Solution File, Format Version 12.00
# Visual Studio Version 17
VisualStudioVersion = 17.7.34221.43
MinimumVisualStudioVersion = 10.0.40219.1
Project("{9A19103F-16F7-4668-BE54-9A1E7A4F7556}") = "ArctisAurora", "ArctisAurora.csproj", "{54804112-7A00-4445-B703-BF3954B1BF82}"
EndProject
Project("{FAE04EC0-301F-11D3-BF4B-00C04F79EFBC}") = "AuroraEditor", "..\AuroraEditor\AuroraEditor.csproj", "{99BFD4C0-1923-4945-94E2-EB110921F264}"
EndProject
Global
	GlobalSection(SolutionConfigurationPlatforms) = preSolution
		Debug|Any CPU = Debug|Any CPU
		Debug|x64 = Debug|x64
		Debug|x86 = Debug|x86
		Release|Any CPU = Release|Any CPU
		Release|x64 = Release|x64
		Release|x86 = Release|x86
	EndGlobalSection
	GlobalSection(ProjectConfigurationPlatforms) = postSolution
		{54804112-7A00-4445-B703-BF3954B1BF82}.Debug|Any CPU.ActiveCfg = Debug|Any CPU
		{54804112-7A00-4445-B703-BF3954B1BF82}.Debug|Any CPU.Build.0 = Debug|Any CPU
		{54804112-7A00-4445-B703-BF3954B1BF82}.Debug|x64.ActiveCfg = Debug|Any CPU
		{54804112-7A00-4445-B703-BF3954B1BF82}.Debug|x64.Build.0 = Debug|Any CPU
		{54804112-7A00-4445-B703-BF3954B1BF82}.Debug|x86.ActiveCfg = Debug|Any CPU
		{54804112-7A00-4445-B703-BF3954B1BF82}.Debug|x86.Build.0 = Debug|Any CPU
		{54804112-7A00-4445-B703-BF3954B1BF82}.Release|Any CPU.ActiveCfg = Release|Any CPU
		{54804112-7A00-4445-B703-BF3954B1BF82}.Release|Any CPU.Build.0 = Release|Any CPU
		{54804112-7A00-4445-B703-BF3954B1BF82}.Release|x64.ActiveCfg = Release|Any CPU
		{54804112-7A00-4445-B703-BF3954B1BF82}.Release|x64.Build.0 = Release|Any CPU
		{54804112-7A00-4445-B703-BF3954B1BF82}.Release|x86.ActiveCfg = Release|Any CPU
		{54804112-7A00-4445-B703-BF3954B1BF82}.Release|x86.Build.0 = Release|Any CPU
		{99BFD4C0-1923-4945-94E2-EB110921F264}.Debug|Any CPU.ActiveCfg = Debug|Any CPU
		{99BFD4C0-1923-4945-94E2-EB110921F264}.Debug|Any CPU.Build.0 = Debug|Any CPU
		{99BFD4C0-1923-4945-94E2-EB110921F264}.Debug|x64.ActiveCfg = Debug|Any CPU
		{99BFD4C0-1923-4945-94E2-EB110921F264}.Debug|x64.Build.0 = Debug|Any CPU
		{99BFD4C0-1923-4945-94E2-EB110921F264}.Debug|x86.ActiveCfg = Debug|Any CPU
		{99BFD4C0-1923-4945-94E2-EB110921F264}.Debug|x86.Build.0 = Debug|Any CPU
		{99BFD4C0-1923-4945-94E2-EB110921F264}.Release|Any CPU.ActiveCfg = Release|Any CPU
		{99BFD4C0-1923-4945-94E2-EB110921F264}.Release|Any CPU.Build.0 = Release|Any CPU
		{99BFD4C0-1923-4945-94E2-EB110921F264}.Release|x64.ActiveCfg = Release|Any CPU
		{99BFD4C0-1923-4945-94E2-EB110921F264}.Release|x64.Build.0 = Release|Any CPU
		{99BFD4C0-1923-4945-94E2-EB110921F264}.Release|x86.ActiveCfg = Release|Any CPU
		{99BFD4C0-1923-4945-94E2-EB110921F264}.Release|x86.Build.0 = Release|Any CPU
	EndGlobalSection
	GlobalSection(SolutionProperties) = preSolution
		HideSolutionNode = FALSE
	EndGlobalSection
	GlobalSection(ExtensibilityGlobals) = postSolution
		SolutionGuid = {DF9F8373-8FFB-4824-8D72-7EBC29D3CDEE}
	EndGlobalSection
EndGlobal
